
Microsoft Visual Studio Solution File, Format Version 11.00
# Visual Studio 2010
Project("{FAE04EC0-301F-11D3-BF4B-00C04F79EFBC}") = "MongoScorePredict", "MongoScorePredict\MongoScorePredict.csproj", "{1C79D0E7-5840-4850-8C7C-88F9B341D777}"
EndProject
Project("{FAE04EC0-301F-11D3-BF4B-00C04F79EFBC}") = "ScorePredictView", "ScorePredictView\ScorePredictView.csproj", "{AD8716A8-8ECC-484F-9E10-1BF286E3AF8C}"
EndProject
Project("{FAE04EC0-301F-11D3-BF4B-00C04F79EFBC}") = "DataIntegrationService", "DataIntegrationService\DataIntegrationService.csproj", "{3F55CBD9-2E11-42D7-9CF1-304230EC02B9}"
EndProject
Global
	GlobalSection(SolutionConfigurationPlatforms) = preSolution
		Debug|x86 = Debug|x86
		Release|x86 = Release|x86
	EndGlobalSection
	GlobalSection(ProjectConfigurationPlatforms) = postSolution
		{1C79D0E7-5840-4850-8C7C-88F9B341D777}.Debug|x86.ActiveCfg = Debug|x86
		{1C79D0E7-5840-4850-8C7C-88F9B341D777}.Debug|x86.Build.0 = Debug|x86
		{1C79D0E7-5840-4850-8C7C-88F9B341D777}.Release|x86.ActiveCfg = Release|x86
		{1C79D0E7-5840-4850-8C7C-88F9B341D777}.Release|x86.Build.0 = Release|x86
		{AD8716A8-8ECC-484F-9E10-1BF286E3AF8C}.Debug|x86.ActiveCfg = Debug|x86
		{AD8716A8-8ECC-484F-9E10-1BF286E3AF8C}.Debug|x86.Build.0 = Debug|x86
		{AD8716A8-8ECC-484F-9E10-1BF286E3AF8C}.Release|x86.ActiveCfg = Release|x86
		{AD8716A8-8ECC-484F-9E10-1BF286E3AF8C}.Release|x86.Build.0 = Release|x86
		{3F55CBD9-2E11-42D7-9CF1-304230EC02B9}.Debug|x86.ActiveCfg = Debug|x86
		{3F55CBD9-2E11-42D7-9CF1-304230EC02B9}.Debug|x86.Build.0 = Debug|x86
		{3F55CBD9-2E11-42D7-9CF1-304230EC02B9}.Release|x86.ActiveCfg = Release|x86
		{3F55CBD9-2E11-42D7-9CF1-304230EC02B9}.Release|x86.Build.0 = Release|x86
	EndGlobalSection
	GlobalSection(SolutionProperties) = preSolution
		HideSolutionNode = FALSE
	EndGlobalSection
EndGlobal
